# THIS IS AN AUTOGENERATED FILE. DO NOT EDIT THIS FILE DIRECTLY.
# yarn lockfile v1


"@types/connect@*":
  version "3.4.33"
  resolved "https://npm.metabizlist.com/@types%2fconnect/-/connect-3.4.33.tgz#31610c901eca573b8713c3330abc6e6b9f588546"
  integrity sha512-2+FrkXY4zllzTNfJth7jOqEHC+enpLeGslEhpnTAkg21GkRrWV4SsAtqchtT4YS9/nODBU2/ZfsBY2X4J/dX7A==
  dependencies:
    "@types/node" "*"

"@types/jquery@^3.3.32":
  version "3.3.32"
  resolved "https://npm.metabizlist.com/@types%2fjquery/-/jquery-3.3.32.tgz#93e27fdc45dd38ee07f2f0acf34b59c1ccee036f"
  integrity sha512-UKoof2mnV/X1/Ix2g+V2Ny5sgHjV8nK/UJbiYxuo4zPwzGyFlZ/mp4KaePb2VqQrqJctmcDQNA57buU84/2uIw==
  dependencies:
    "@types/sizzle" "*"

"@types/meteor@^1.4.39":
  version "1.4.39"
  resolved "https://npm.metabizlist.com/@types%2fmeteor/-/meteor-1.4.39.tgz#0d7c615d671cc5a10ed6bfb64dd1e69dc6327578"
  integrity sha512-9Q7j/x4sajgelT224Vj1U0CVEPtwhWCPCsd1Za1JcwnhS0iOXa1FJAbBBKiMouLI/yAA7fU0jBEpgZWyDUnvEA==
  dependencies:
    "@types/connect" "*"
    "@types/react" "*"
    "@types/underscore" "*"

"@types/node@*":
  version "13.7.0"
  resolved "https://npm.metabizlist.com/@types%2fnode/-/node-13.7.0.tgz#b417deda18cf8400f278733499ad5547ed1abec4"
  integrity sha512-GnZbirvmqZUzMgkFn70c74OQpTTUcCzlhQliTzYjQMqg+hVKcDnxdL19Ne3UdYzdMA/+W3eb646FWn/ZaT1NfQ==

"@types/prop-types@*":
  version "15.7.3"
  resolved "https://npm.metabizlist.com/@types%2fprop-types/-/prop-types-15.7.3.tgz#2ab0d5da2e5815f94b0b9d4b95d1e5f243ab2ca7"
  integrity sha512-KfRL3PuHmqQLOG+2tGpRO26Ctg+Cq1E01D2DMriKEATHgWLfeNDmq9e29Q9WIky0dQ3NPkd1mzYH8Lm936Z9qw==

"@types/react@*":
  version "16.9.19"
  resolved "https://npm.metabizlist.com/@types%2freact/-/react-16.9.19.tgz#c842aa83ea490007d29938146ff2e4d9e4360c40"
  integrity sha512-LJV97//H+zqKWMms0kvxaKYJDG05U2TtQB3chRLF8MPNs+MQh/H1aGlyDUxjaHvu08EAGerdX2z4LTBc7ns77A==
  dependencies:
    "@types/prop-types" "*"
    csstype "^2.2.0"

"@types/sizzle@*":
  version "2.3.2"
  resolved "https://npm.metabizlist.com/@types%2fsizzle/-/sizzle-2.3.2.tgz#a811b8c18e2babab7d542b3365887ae2e4d9de47"
  integrity sha512-7EJYyKTL7tFR8+gDbB6Wwz/arpGa0Mywk1TJbNzKzHtzbwVmY4HR9WqS5VV7dsBUKQmPNr192jHr/VpBluj/hg==

"@types/underscore@*":
  version "1.9.4"
  resolved "https://npm.metabizlist.com/@types%2funderscore/-/underscore-1.9.4.tgz#22d1a3e6b494608e430221ec085fa0b7ccee7f33"
  integrity sha512-CjHWEMECc2/UxOZh0kpiz3lEyX2Px3rQS9HzD20lxMvx571ivOBQKeLnqEjxUY0BMgp6WJWo/pQLRBwMW5v4WQ==

csstype@^2.2.0:
  version "2.6.8"
  resolved "https://npm.metabizlist.com/csstype/-/csstype-2.6.8.tgz#0fb6fc2417ffd2816a418c9336da74d7f07db431"
  integrity sha512-msVS9qTuMT5zwAGCVm4mxfrZ18BNc6Csd0oJAtiFMZ1FAx1CCvy2+5MDmYoix63LM/6NDbNtodCiGYGmFgO0dA==

meteor-types-fix@^1.1.0:
  version "1.1.0"
  resolved "https://npm.metabizlist.com/meteor-types-fix/-/meteor-types-fix-1.1.0.tgz#c45cebed1b8428aa929e61a25f61155775dff1b4"
  integrity sha512-A68uhVuiBl6uTIFwmBW/CI14Fx0dqdLh/4TnwbpvB/4UBql9yQOAkepnLeeXwIkkODEk146PJ43pglNEA201ng==
